// !$*UTF8*$!
{
	archiveVersion = 1;
	classes = {
	};
	objectVersion = 55;
	objects = {

/* Begin PBXBuildFile section */
		84F8125227C8C74100C299E8 /* AppDelegate.swift in Sources */ = {isa = PBXBuildFile; fileRef = 84F8125127C8C74100C299E8 /* AppDelegate.swift */; };
		84F8125427C8C74100C299E8 /* SceneDelegate.swift in Sources */ = {isa = PBXBuildFile; fileRef = 84F8125327C8C74100C299E8 /* SceneDelegate.swift */; };
		84F8125627C8C74100C299E8 /* ViewController.swift in Sources */ = {isa = PBXBuildFile; fileRef = 84F8125527C8C74100C299E8 /* ViewController.swift */; };
		84F8125927C8C74100C299E8 /* Main.storyboard in Resources */ = {isa = PBXBuildFile; fileRef = 84F8125727C8C74100C299E8 /* Main.storyboard */; };
		84F8125B27C8C74200C299E8 /* Assets.xcassets in Resources */ = {isa = PBXBuildFile; fileRef = 84F8125A27C8C74200C299E8 /* Assets.xcassets */; };
		84F8125E27C8C74200C299E8 /* LaunchScreen.storyboard in Resources */ = {isa = PBXBuildFile; fileRef = 84F8125C27C8C74200C299E8 /* LaunchScreen.storyboard */; };
		84F8126927C8C74200C299E8 /* tp1Tests.swift in Sources */ = {isa = PBXBuildFile; fileRef = 84F8126827C8C74200C299E8 /* tp1Tests.swift */; };
		84F8127327C8C74200C299E8 /* tp1UITests.swift in Sources */ = {isa = PBXBuildFile; fileRef = 84F8127227C8C74200C299E8 /* tp1UITests.swift */; };
		84F8127527C8C74200C299E8 /* tp1UITestsLaunchTests.swift in Sources */ = {isa = PBXBuildFile; fileRef = 84F8127427C8C74200C299E8 /* tp1UITestsLaunchTests.swift */; };
/* End PBXBuildFile section */

/* Begin PBXContainerItemProxy section */
		84F8126527C8C74200C299E8 /* PBXContainerItemProxy */ = {
			isa = PBXContainerItemProxy;
			containerPortal = 84F8124627C8C74100C299E8 /* Project object */;
			proxyType = 1;
			remoteGlobalIDString = 84F8124D27C8C74100C299E8;
			remoteInfo = tp1;
		};
		84F8126F27C8C74200C299E8 /* PBXContainerItemProxy */ = {
			isa = PBXContainerItemProxy;
			containerPortal = 84F8124627C8C74100C299E8 /* Project object */;
			proxyType = 1;
			remoteGlobalIDString = 84F8124D27C8C74100C299E8;
			remoteInfo = tp1;
		};
/* End PBXContainerItemProxy section */

/* Begin PBXFileReference section */
		84F8124E27C8C74100C299E8 /* tp1.app */ = {isa = PBXFileReference; explicitFileType = wrapper.application; includeInIndex = 0; path = tp1.app; sourceTree = BUILT_PRODUCTS_DIR; };
		84F8125127C8C74100C299E8 /* AppDelegate.swift */ = {isa = PBXFileReference; lastKnownFileType = sourcecode.swift; path = AppDelegate.swift; sourceTree = "<group>"; };
		84F8125327C8C74100C299E8 /* SceneDelegate.swift */ = {isa = PBXFileReference; lastKnownFileType = sourcecode.swift; path = SceneDelegate.swift; sourceTree = "<group>"; };
		84F8125527C8C74100C299E8 /* ViewController.swift */ = {isa = PBXFileReference; lastKnownFileType = sourcecode.swift; path = ViewController.swift; sourceTree = "<group>"; };
		84F8125827C8C74100C299E8 /* Base */ = {isa = PBXFileReference; lastKnownFileType = file.storyboard; name = Base; path = Base.lproj/Main.storyboard; sourceTree = "<group>"; };
		84F8125A27C8C74200C299E8 /* Assets.xcassets */ = {isa = PBXFileReference; lastKnownFileType = folder.assetcatalog; path = Assets.xcassets; sourceTree = "<group>"; };
		84F8125D27C8C74200C299E8 /* Base */ = {isa = PBXFileReference; lastKnownFileType = file.storyboard; name = Base; path = Base.lproj/LaunchScreen.storyboard; sourceTree = "<group>"; };
		84F8125F27C8C74200C299E8 /* Info.plist */ = {isa = PBXFileReference; lastKnownFileType = text.plist.xml; path = Info.plist; sourceTree = "<group>"; };
		84F8126427C8C74200C299E8 /* tp1Tests.xctest */ = {isa = PBXFileReference; explicitFileType = wrapper.cfbundle; includeInIndex = 0; path = tp1Tests.xctest; sourceTree = BUILT_PRODUCTS_DIR; };
		84F8126827C8C74200C299E8 /* tp1Tests.swift */ = {isa = PBXFileReference; lastKnownFileType = sourcecode.swift; path = tp1Tests.swift; sourceTree = "<group>"; };
		84F8126E27C8C74200C299E8 /* tp1UITests.xctest */ = {isa = PBXFileReference; explicitFileType = wrapper.cfbundle; includeInIndex = 0; path = tp1UITests.xctest; sourceTree = BUILT_PRODUCTS_DIR; };
		84F8127227C8C74200C299E8 /* tp1UITests.swift */ = {isa = PBXFileReference; lastKnownFileType = sourcecode.swift; path = tp1UITests.swift; sourceTree = "<group>"; };
		84F8127427C8C74200C299E8 /* tp1UITestsLaunchTests.swift */ = {isa = PBXFileReference; lastKnownFileType = sourcecode.swift; path = tp1UITestsLaunchTests.swift; sourceTree = "<group>"; };
/* End PBXFileReference section */

/* Begin PBXFrameworksBuildPhase section */
		84F8124B27C8C74100C299E8 /* Frameworks */ = {
			isa = PBXFrameworksBuildPhase;
			buildActionMask = 2147483647;
			files = (
			);
			runOnlyForDeploymentPostprocessing = 0;
		};
		84F8126127C8C74200C299E8 /* Frameworks */ = {
			isa = PBXFrameworksBuildPhase;
			buildActionMask = 2147483647;
			files = (
			);
			runOnlyForDeploymentPostprocessing = 0;
		};
		84F8126B27C8C74200C299E8 /* Frameworks */ = {
			isa = PBXFrameworksBuildPhase;
			buildActionMask = 2147483647;
			files = (
			);
			runOnlyForDeploymentPostprocessing = 0;
		};
/* End PBXFrameworksBuildPhase section */

/* Begin PBXGroup section */
		84F8124527C8C74100C299E8 = {
			isa = PBXGroup;
			children = (
				84F8125027C8C74100C299E8 /* tp1 */,
				84F8126727C8C74200C299E8 /* tp1Tests */,
				84F8127127C8C74200C299E8 /* tp1UITests */,
				84F8124F27C8C74100C299E8 /* Products */,
			);
			sourceTree = "<group>";
		};
		84F8124F27C8C74100C299E8 /* Products */ = {
			isa = PBXGroup;
			children = (
				84F8124E27C8C74100C299E8 /* tp1.app */,
				84F8126427C8C74200C299E8 /* tp1Tests.xctest */,
				84F8126E27C8C74200C299E8 /* tp1UITests.xctest */,
			);
			name = Products;
			sourceTree = "<group>";
		};
		84F8125027C8C74100C299E8 /* tp1 */ = {
			isa = PBXGroup;
			children = (
				84F8125127C8C74100C299E8 /* AppDelegate.swift */,
				84F8125327C8C74100C299E8 /* SceneDelegate.swift */,
				84F8125527C8C74100C299E8 /* ViewController.swift */,
				84F8125727C8C74100C299E8 /* Main.storyboard */,
				84F8125A27C8C74200C299E8 /* Assets.xcassets */,
				84F8125C27C8C74200C299E8 /* LaunchScreen.storyboard */,
				84F8125F27C8C74200C299E8 /* Info.plist */,
			);
			path = tp1;
			sourceTree = "<group>";
		};
		84F8126727C8C74200C299E8 /* tp1Tests */ = {
			isa = PBXGroup;
			children = (
				84F8126827C8C74200C299E8 /* tp1Tests.swift */,
			);
			path = tp1Tests;
			sourceTree = "<group>";
		};
		84F8127127C8C74200C299E8 /* tp1UITests */ = {
			isa = PBXGroup;
			children = (
				84F8127227C8C74200C299E8 /* tp1UITests.swift */,
				84F8127427C8C74200C299E8 /* tp1UITestsLaunchTests.swift */,
			);
			path = tp1UITests;
			sourceTree = "<group>";
		};
/* End PBXGroup section */

/* Begin PBXNativeTarget section */
		84F8124D27C8C74100C299E8 /* tp1 */ = {
			isa = PBXNativeTarget;
			buildConfigurationList = 84F8127827C8C74200C299E8 /* Build configuration list for PBXNativeTarget "tp1" */;
			buildPhases = (
				84F8124A27C8C74100C299E8 /* Sources */,
				84F8124B27C8C74100C299E8 /* Frameworks */,
				84F8124C27C8C74100C299E8 /* Resources */,
			);
			buildRules = (
			);
			dependencies = (
			);
			name = tp1;
			productName = tp1;
			productReference = 84F8124E27C8C74100C299E8 /* tp1.app */;
			productType = "com.apple.product-type.application";
		};
		84F8126327C8C74200C299E8 /* tp1Tests */ = {
			isa = PBXNativeTarget;
			buildConfigurationList = 84F8127B27C8C74200C299E8 /* Build configuration list for PBXNativeTarget "tp1Tests" */;
			buildPhases = (
				84F8126027C8C74200C299E8 /* Sources */,
				84F8126127C8C74200C299E8 /* Frameworks */,
				84F8126227C8C74200C299E8 /* Resources */,
			);
			buildRules = (
			);
			dependencies = (
				84F8126627C8C74200C299E8 /* PBXTargetDependency */,
			);
			name = tp1Tests;
			productName = tp1Tests;
			productReference = 84F8126427C8C74200C299E8 /* tp1Tests.xctest */;
			productType = "com.apple.product-type.bundle.unit-test";
		};
		84F8126D27C8C74200C299E8 /* tp1UITests */ = {
			isa = PBXNativeTarget;
			buildConfigurationList = 84F8127E27C8C74200C299E8 /* Build configuration list for PBXNativeTarget "tp1UITests" */;
			buildPhases = (
				84F8126A27C8C74200C299E8 /* Sources */,
				84F8126B27C8C74200C299E8 /* Frameworks */,
				84F8126C27C8C74200C299E8 /* Resources */,
			);
			buildRules = (
			);
			dependencies = (
				84F8127027C8C74200C299E8 /* PBXTargetDependency */,
			);
			name = tp1UITests;
			productName = tp1UITests;
			productReference = 84F8126E27C8C74200C299E8 /* tp1UITests.xctest */;
			productType = "com.apple.product-type.bundle.ui-testing";
		};
/* End PBXNativeTarget section */

/* Begin PBXProject section */
		84F8124627C8C74100C299E8 /* Project object */ = {
			isa = PBXProject;
			attributes = {
				BuildIndependentTargetsInParallel = 1;
				LastSwiftUpdateCheck = 1320;
				LastUpgradeCheck = 1320;
				TargetAttributes = {
					84F8124D27C8C74100C299E8 = {
						CreatedOnToolsVersion = 13.2.1;
					};
					84F8126327C8C74200C299E8 = {
						CreatedOnToolsVersion = 13.2.1;
						TestTargetID = 84F8124D27C8C74100C299E8;
					};
					84F8126D27C8C74200C299E8 = {
						CreatedOnToolsVersion = 13.2.1;
						TestTargetID = 84F8124D27C8C74100C299E8;
					};
				};
			};
			buildConfigurationList = 84F8124927C8C74100C299E8 /* Build configuration list for PBXProject "tp1" */;
			compatibilityVersion = "Xcode 13.0";
			developmentRegion = en;
			hasScannedForEncodings = 0;
			knownRegions = (
				en,
				Base,
			);
			mainGroup = 84F8124527C8C74100C299E8;
			productRefGroup = 84F8124F27C8C74100C299E8 /* Products */;
			projectDirPath = "";
			projectRoot = "";
			targets = (
				84F8124D27C8C74100C299E8 /* tp1 */,
				84F8126327C8C74200C299E8 /* tp1Tests */,
				84F8126D27C8C74200C299E8 /* tp1UITests */,
			);
		};
/* End PBXProject section */

/* Begin PBXResourcesBuildPhase section */
		84F8124C27C8C74100C299E8 /* Resources */ = {
			isa = PBXResourcesBuildPhase;
			buildActionMask = 2147483647;
			files = (
				84F8125E27C8C74200C299E8 /* LaunchScreen.storyboard in Resources */,
				84F8125B27C8C74200C299E8 /* Assets.xcassets in Resources */,
				84F8125927C8C74100C299E8 /* Main.storyboard in Resources */,
			);
			runOnlyForDeploymentPostprocessing = 0;
		};
		84F8126227C8C74200C299E8 /* Resources */ = {
			isa = PBXResourcesBuildPhase;
			buildActionMask = 2147483647;
			files = (
			);
			runOnlyForDeploymentPostprocessing = 0;
		};
		84F8126C27C8C74200C299E8 /* Resources */ = {
			isa = PBXResourcesBuildPhase;
			buildActionMask = 2147483647;
			files = (
			);
			runOnlyForDeploymentPostprocessing = 0;
		};
/* End PBXResourcesBuildPhase section */

/* Begin PBXSourcesBuildPhase section */
		84F8124A27C8C74100C299E8 /* Sources */ = {
			isa = PBXSourcesBuildPhase;
			buildActionMask = 2147483647;
			files = (
				84F8125627C8C74100C299E8 /* ViewController.swift in Sources */,
				84F8125227C8C74100C299E8 /* AppDelegate.swift in Sources */,
				84F8125427C8C74100C299E8 /* SceneDelegate.swift in Sources */,
			);
			runOnlyForDeploymentPostprocessing = 0;
		};
		84F8126027C8C74200C299E8 /* Sources */ = {
			isa = PBXSourcesBuildPhase;
			buildActionMask = 2147483647;
			files = (
				84F8126927C8C74200C299E8 /* tp1Tests.swift in Sources */,
			);
			runOnlyForDeploymentPostprocessing = 0;
		};
		84F8126A27C8C74200C299E8 /* Sources */ = {
			isa = PBXSourcesBuildPhase;
			buildActionMask = 2147483647;
			files = (
				84F8127527C8C74200C299E8 /* tp1UITestsLaunchTests.swift in Sources */,
				84F8127327C8C74200C299E8 /* tp1UITests.swift in Sources */,
			);
			runOnlyForDeploymentPostprocessing = 0;
		};
/* End PBXSourcesBuildPhase section */

/* Begin PBXTargetDependency section */
		84F8126627C8C74200C299E8 /* PBXTargetDependency */ = {
			isa = PBXTargetDependency;
			target = 84F8124D27C8C74100C299E8 /* tp1 */;
			targetProxy = 84F8126527C8C74200C299E8 /* PBXContainerItemProxy */;
		};
		84F8127027C8C74200C299E8 /* PBXTargetDependency */ = {
			isa = PBXTargetDependency;
			target = 84F8124D27C8C74100C299E8 /* tp1 */;
			targetProxy = 84F8126F27C8C74200C299E8 /* PBXContainerItemProxy */;
		};
/* End PBXTargetDependency section */

/* Begin PBXVariantGroup section */
		84F8125727C8C74100C299E8 /* Main.storyboard */ = {
			isa = PBXVariantGroup;
			children = (
				84F8125827C8C74100C299E8 /* Base */,
			);
			name = Main.storyboard;
			sourceTree = "<group>";
		};
		84F8125C27C8C74200C299E8 /* LaunchScreen.storyboard */ = {
			isa = PBXVariantGroup;
			children = (
				84F8125D27C8C74200C299E8 /* Base */,
			);
			name = LaunchScreen.storyboard;
			sourceTree = "<group>";
		};
/* End PBXVariantGroup section */

/* Begin XCBuildConfiguration section */
		84F8127627C8C74200C299E8 /* Debug */ = {
			isa = XCBuildConfiguration;
			buildSettings = {
				ALWAYS_SEARCH_USER_PATHS = NO;
				CLANG_ANALYZER_NONNULL = YES;
				CLANG_ANALYZER_NUMBER_OBJECT_CONVERSION = YES_AGGRESSIVE;
				CLANG_CXX_LANGUAGE_STANDARD = "gnu++17";
				CLANG_CXX_LIBRARY = "libc++";
				CLANG_ENABLE_MODULES = YES;
				CLANG_ENABLE_OBJC_ARC = YES;
				CLANG_ENABLE_OBJC_WEAK = YES;
				CLANG_WARN_BLOCK_CAPTURE_AUTORELEASING = YES;
				CLANG_WARN_BOOL_CONVERSION = YES;
				CLANG_WARN_COMMA = YES;
				CLANG_WARN_CONSTANT_CONVERSION = YES;
				CLANG_WARN_DEPRECATED_OBJC_IMPLEMENTATIONS = YES;
				CLANG_WARN_DIRECT_OBJC_ISA_USAGE = YES_ERROR;
				CLANG_WARN_DOCUMENTATION_COMMENTS = YES;
				CLANG_WARN_EMPTY_BODY = YES;
				CLANG_WARN_ENUM_CONVERSION = YES;
				CLANG_WARN_INFINITE_RECURSION = YES;
				CLANG_WARN_INT_CONVERSION = YES;
				CLANG_WARN_NON_LITERAL_NULL_CONVERSION = YES;
				CLANG_WARN_OBJC_IMPLICIT_RETAIN_SELF = YES;
				CLANG_WARN_OBJC_LITERAL_CONVERSION = YES;
				CLANG_WARN_OBJC_ROOT_CLASS = YES_ERROR;
				CLANG_WARN_QUOTED_INCLUDE_IN_FRAMEWORK_HEADER = YES;
				CLANG_WARN_RANGE_LOOP_ANALYSIS = YES;
				CLANG_WARN_STRICT_PROTOTYPES = YES;
				CLANG_WARN_SUSPICIOUS_MOVE = YES;
				CLANG_WARN_UNGUARDED_AVAILABILITY = YES_AGGRESSIVE;
				CLANG_WARN_UNREACHABLE_CODE = YES;
				CLANG_WARN__DUPLICATE_METHOD_MATCH = YES;
				COPY_PHASE_STRIP = NO;
				DEBUG_INFORMATION_FORMAT = dwarf;
				ENABLE_STRICT_OBJC_MSGSEND = YES;
				ENABLE_TESTABILITY = YES;
				GCC_C_LANGUAGE_STANDARD = gnu11;
				GCC_DYNAMIC_NO_PIC = NO;
				GCC_NO_COMMON_BLOCKS = YES;
				GCC_OPTIMIZATION_LEVEL = 0;
				GCC_PREPROCESSOR_DEFINITIONS = (
					"DEBUG=1",
					"$(inherited)",
				);
				GCC_WARN_64_TO_32_BIT_CONVERSION = YES;
				GCC_WARN_ABOUT_RETURN_TYPE = YES_ERROR;
				GCC_WARN_UNDECLARED_SELECTOR = YES;
				GCC_WARN_UNINITIALIZED_AUTOS = YES_AGGRESSIVE;
				GCC_WARN_UNUSED_FUNCTION = YES;
				GCC_WARN_UNUSED_VARIABLE = YES;
				IPHONEOS_DEPLOYMENT_TARGET = 15.2;
				MTL_ENABLE_DEBUG_INFO = INCLUDE_SOURCE;
				MTL_FAST_MATH = YES;
				ONLY_ACTIVE_ARCH = YES;
				SDKROOT = iphoneos;
				SWIFT_ACTIVE_COMPILATION_CONDITIONS = DEBUG;
				SWIFT_OPTIMIZATION_LEVEL = "-Onone";
			};
			name = Debug;
		};
		84F8127727C8C74200C299E8 /* Release */ = {
			isa = XCBuildConfiguration;
			buildSettings = {
				ALWAYS_SEARCH_USER_PATHS = NO;
				CLANG_ANALYZER_NONNULL = YES;
				CLANG_ANALYZER_NUMBER_OBJECT_CONVERSION = YES_AGGRESSIVE;
				CLANG_CXX_LANGUAGE_STANDARD = "gnu++17";
				CLANG_CXX_LIBRARY = "libc++";
				CLANG_ENABLE_MODULES = YES;
				CLANG_ENABLE_OBJC_ARC = YES;
				CLANG_ENABLE_OBJC_WEAK = YES;
				CLANG_WARN_BLOCK_CAPTURE_AUTORELEASING = YES;
				CLANG_WARN_BOOL_CONVERSION = YES;
				CLANG_WARN_COMMA = YES;
				CLANG_WARN_CONSTANT_CONVERSION = YES;
				CLANG_WARN_DEPRECATED_OBJC_IMPLEMENTATIONS = YES;
				CLANG_WARN_DIRECT_OBJC_ISA_USAGE = YES_ERROR;
				CLANG_WARN_DOCUMENTATION_COMMENTS = YES;
				CLANG_WARN_EMPTY_BODY = YES;
				CLANG_WARN_ENUM_CONVERSION = YES;
				CLANG_WARN_INFINITE_RECURSION = YES;
				CLANG_WARN_INT_CONVERSION = YES;
				CLANG_WARN_NON_LITERAL_NULL_CONVERSION = YES;
				CLANG_WARN_OBJC_IMPLICIT_RETAIN_SELF = YES;
				CLANG_WARN_OBJC_LITERAL_CONVERSION = YES;
				CLANG_WARN_OBJC_ROOT_CLASS = YES_ERROR;
				CLANG_WARN_QUOTED_INCLUDE_IN_FRAMEWORK_HEADER = YES;
				CLANG_WARN_RANGE_LOOP_ANALYSIS = YES;
				CLANG_WARN_STRICT_PROTOTYPES = YES;
				CLANG_WARN_SUSPICIOUS_MOVE = YES;
				CLANG_WARN_UNGUARDED_AVAILABILITY = YES_AGGRESSIVE;
				CLANG_WARN_UNREACHABLE_CODE = YES;
				CLANG_WARN__DUPLICATE_METHOD_MATCH = YES;
				COPY_PHASE_STRIP = NO;
				DEBUG_INFORMATION_FORMAT = "dwarf-with-dsym";
				ENABLE_NS_ASSERTIONS = NO;
				ENABLE_STRICT_OBJC_MSGSEND = YES;
				GCC_C_LANGUAGE_STANDARD = gnu11;
				GCC_NO_COMMON_BLOCKS = YES;
				GCC_WARN_64_TO_32_BIT_CONVERSION = YES;
				GCC_WARN_ABOUT_RETURN_TYPE = YES_ERROR;
				GCC_WARN_UNDECLARED_SELECTOR = YES;
				GCC_WARN_UNINITIALIZED_AUTOS = YES_AGGRESSIVE;
				GCC_WARN_UNUSED_FUNCTION = YES;
				GCC_WARN_UNUSED_VARIABLE = YES;
				IPHONEOS_DEPLOYMENT_TARGET = 15.2;
				MTL_ENABLE_DEBUG_INFO = NO;
				MTL_FAST_MATH = YES;
				SDKROOT = iphoneos;
				SWIFT_COMPILATION_MODE = wholemodule;
				SWIFT_OPTIMIZATION_LEVEL = "-O";
				VALIDATE_PRODUCT = YES;
			};
			name = Release;
		};
		84F8127927C8C74200C299E8 /* Debug */ = {
			isa = XCBuildConfiguration;
			buildSettings = {
				ASSETCATALOG_COMPILER_APPICON_NAME = AppIcon;
				ASSETCATALOG_COMPILER_GLOBAL_ACCENT_COLOR_NAME = AccentColor;
				CODE_SIGN_STYLE = Automatic;
				CURRENT_PROJECT_VERSION = 1;
				GENERATE_INFOPLIST_FILE = YES;
				INFOPLIST_FILE = tp1/Info.plist;
				INFOPLIST_KEY_UIApplicationSupportsIndirectInputEvents = YES;
				INFOPLIST_KEY_UILaunchStoryboardName = LaunchScreen;
				INFOPLIST_KEY_UIMainStoryboardFile = Main;
				INFOPLIST_KEY_UISupportedInterfaceOrientations = "UIInterfaceOrientationPortrait UIInterfaceOrientationLandscapeLeft UIInterfaceOrientationLandscapeRight";
				INFOPLIST_KEY_UISupportedInterfaceOrientations_iPad = "UIInterfaceOrientationPortrait UIInterfaceOrientationPortraitUpsideDown UIInterfaceOrientationLandscapeLeft UIInterfaceOrientationLandscapeRight";
				INFOPLIST_KEY_UISupportedInterfaceOrientations_iPhone = "UIInterfaceOrientationPortrait UIInterfaceOrientationLandscapeLeft UIInterfaceOrientationLandscapeRight";
				LD_RUNPATH_SEARCH_PATHS = (
					"$(inherited)",
					"@executable_path/Frameworks",
				);
				MARKETING_VERSION = 1.0;
				PRODUCT_BUNDLE_IDENTIFIER = imt.lazykeru.tp1;
				PRODUCT_NAME = "$(TARGET_NAME)";
				SWIFT_EMIT_LOC_STRINGS = YES;
				SWIFT_VERSION = 5.0;
				TARGETED_DEVICE_FAMILY = "1,2";
			};
			name = Debug;
		};
		84F8127A27C8C74200C299E8 /* Release */ = {
			isa = XCBuildConfiguration;
			buildSettings = {
				ASSETCATALOG_COMPILER_APPICON_NAME = AppIcon;
				ASSETCATALOG_COMPILER_GLOBAL_ACCENT_COLOR_NAME = AccentColor;
				CODE_SIGN_STYLE = Automatic;
				CURRENT_PROJECT_VERSION = 1;
				GENERATE_INFOPLIST_FILE = YES;
				INFOPLIST_FILE = tp1/Info.plist;
				INFOPLIST_KEY_UIApplicationSupportsIndirectInputEvents = YES;
				INFOPLIST_KEY_UILaunchStoryboardName = LaunchScreen;
				INFOPLIST_KEY_UIMainStoryboardFile = Main;
				INFOPLIST_KEY_UISupportedInterfaceOrientations = "UIInterfaceOrientationPortrait UIInterfaceOrientationLandscapeLeft UIInterfaceOrientationLandscapeRight";
				INFOPLIST_KEY_UISupportedInterfaceOrientations_iPad = "UIInterfaceOrientationPortrait UIInterfaceOrientationPortraitUpsideDown UIInterfaceOrientationLandscapeLeft UIInterfaceOrientationLandscapeRight";
				INFOPLIST_KEY_UISupportedInterfaceOrientations_iPhone = "UIInterfaceOrientationPortrait UIInterfaceOrientationLandscapeLeft UIInterfaceOrientationLandscapeRight";
				LD_RUNPATH_SEARCH_PATHS = (
					"$(inherited)",
					"@executable_path/Frameworks",
				);
				MARKETING_VERSION = 1.0;
				PRODUCT_BUNDLE_IDENTIFIER = imt.lazykeru.tp1;
				PRODUCT_NAME = "$(TARGET_NAME)";
				SWIFT_EMIT_LOC_STRINGS = YES;
				SWIFT_VERSION = 5.0;
				TARGETED_DEVICE_FAMILY = "1,2";
			};
			name = Release;
		};
		84F8127C27C8C74200C299E8 /* Debug */ = {
			isa = XCBuildConfiguration;
			buildSettings = {
				ALWAYS_EMBED_SWIFT_STANDARD_LIBRARIES = YES;
				BUNDLE_LOADER = "$(TEST_HOST)";
				CODE_SIGN_STYLE = Automatic;
				CURRENT_PROJECT_VERSION = 1;
				GENERATE_INFOPLIST_FILE = YES;
				IPHONEOS_DEPLOYMENT_TARGET = 15.2;
				MARKETING_VERSION = 1.0;
				PRODUCT_BUNDLE_IDENTIFIER = imt.lazykeru.tp1Tests;
				PRODUCT_NAME = "$(TARGET_NAME)";
				SWIFT_EMIT_LOC_STRINGS = NO;
				SWIFT_VERSION = 5.0;
				TARGETED_DEVICE_FAMILY = "1,2";
				TEST_HOST = "$(BUILT_PRODUCTS_DIR)/tp1.app/tp1";
			};
			name = Debug;
		};
		84F8127D27C8C74200C299E8 /* Release */ = {
			isa = XCBuildConfiguration;
			buildSettings = {
				ALWAYS_EMBED_SWIFT_STANDARD_LIBRARIES = YES;
				BUNDLE_LOADER = "$(TEST_HOST)";
				CODE_SIGN_STYLE = Automatic;
				CURRENT_PROJECT_VERSION = 1;
				GENERATE_INFOPLIST_FILE = YES;
				IPHONEOS_DEPLOYMENT_TARGET = 15.2;
				MARKETING_VERSION = 1.0;
				PRODUCT_BUNDLE_IDENTIFIER = imt.lazykeru.tp1Tests;
				PRODUCT_NAME = "$(TARGET_NAME)";
				SWIFT_EMIT_LOC_STRINGS = NO;
				SWIFT_VERSION = 5.0;
				TARGETED_DEVICE_FAMILY = "1,2";
				TEST_HOST = "$(BUILT_PRODUCTS_DIR)/tp1.app/tp1";
			};
			name = Release;
		};
		84F8127F27C8C74200C299E8 /* Debug */ = {
			isa = XCBuildConfiguration;
			buildSettings = {
				ALWAYS_EMBED_SWIFT_STANDARD_LIBRARIES = YES;
				CODE_SIGN_STYLE = Automatic;
				CURRENT_PROJECT_VERSION = 1;
				GENERATE_INFOPLIST_FILE = YES;
				MARKETING_VERSION = 1.0;
				PRODUCT_BUNDLE_IDENTIFIER = imt.lazykeru.tp1UITests;
				PRODUCT_NAME = "$(TARGET_NAME)";
				SWIFT_EMIT_LOC_STRINGS = NO;
				SWIFT_VERSION = 5.0;
				TARGETED_DEVICE_FAMILY = "1,2";
				TEST_TARGET_NAME = tp1;
			};
			name = Debug;
		};
		84F8128027C8C74200C299E8 /* Release */ = {
			isa = XCBuildConfiguration;
			buildSettings = {
				ALWAYS_EMBED_SWIFT_STANDARD_LIBRARIES = YES;
				CODE_SIGN_STYLE = Automatic;
				CURRENT_PROJECT_VERSION = 1;
				GENERATE_INFOPLIST_FILE = YES;
				MARKETING_VERSION = 1.0;
				PRODUCT_BUNDLE_IDENTIFIER = imt.lazykeru.tp1UITests;
				PRODUCT_NAME = "$(TARGET_NAME)";
				SWIFT_EMIT_LOC_STRINGS = NO;
				SWIFT_VERSION = 5.0;
				TARGETED_DEVICE_FAMILY = "1,2";
				TEST_TARGET_NAME = tp1;
			};
			name = Release;
		};
/* End XCBuildConfiguration section */

/* Begin XCConfigurationList section */
		84F8124927C8C74100C299E8 /* Build configuration list for PBXProject "tp1" */ = {
			isa = XCConfigurationList;
			buildConfigurations = (
				84F8127627C8C74200C299E8 /* Debug */,
				84F8127727C8C74200C299E8 /* Release */,
			);
			defaultConfigurationIsVisible = 0;
			defaultConfigurationName = Release;
		};
		84F8127827C8C74200C299E8 /* Build configuration list for PBXNativeTarget "tp1" */ = {
			isa = XCConfigurationList;
			buildConfigurations = (
				84F8127927C8C74200C299E8 /* Debug */,
				84F8127A27C8C74200C299E8 /* Release */,
			);
			defaultConfigurationIsVisible = 0;
			defaultConfigurationName = Release;
		};
		84F8127B27C8C74200C299E8 /* Build configuration list for PBXNativeTarget "tp1Tests" */ = {
			isa = XCConfigurationList;
			buildConfigurations = (
				84F8127C27C8C74200C299E8 /* Debug */,
				84F8127D27C8C74200C299E8 /* Release */,
			);
			defaultConfigurationIsVisible = 0;
			defaultConfigurationName = Release;
		};
		84F8127E27C8C74200C299E8 /* Build configuration list for PBXNativeTarget "tp1UITests" */ = {
			isa = XCConfigurationList;
			buildConfigurations = (
				84F8127F27C8C74200C299E8 /* Debug */,
				84F8128027C8C74200C299E8 /* Release */,
			);
			defaultConfigurationIsVisible = 0;
			defaultConfigurationName = Release;
		};
/* End XCConfigurationList section */
	};
	rootObject = 84F8124627C8C74100C299E8 /* Project object */;
}
